
Microsoft Visual Studio Solution File, Format Version 12.00
# Visual Studio Version 17
VisualStudioVersion = 17.5.002.0
MinimumVisualStudioVersion = 10.0.40219.1
Project("{9A19103F-16F7-4668-BE54-9A1E7A4F7556}") = "Task00", "Task00.csproj", "{B29C80D6-F76C-414B-9B06-D42E216E794F}"
EndProject
Global
	GlobalSection(SolutionConfigurationPlatforms) = preSolution
		Debug|Any CPU = Debug|Any CPU
		Release|Any CPU = Release|Any CPU
	EndGlobalSection
	GlobalSection(ProjectConfigurationPlatforms) = postSolution
		{B29C80D6-F76C-414B-9B06-D42E216E794F}.Debug|Any CPU.ActiveCfg = Debug|Any CPU
		{B29C80D6-F76C-414B-9B06-D42E216E794F}.Debug|Any CPU.Build.0 = Debug|Any CPU
		{B29C80D6-F76C-414B-9B06-D42E216E794F}.Release|Any CPU.ActiveCfg = Release|Any CPU
		{B29C80D6-F76C-414B-9B06-D42E216E794F}.Release|Any CPU.Build.0 = Release|Any CPU
	EndGlobalSection
	GlobalSection(SolutionProperties) = preSolution
		HideSolutionNode = FALSE
	EndGlobalSection
	GlobalSection(ExtensibilityGlobals) = postSolution
		SolutionGuid = {34AF4B22-2647-4038-8ABE-7BAC04E426FE}
	EndGlobalSection
EndGlobal
